
Microsoft Visual Studio Solution File, Format Version 12.00
# Visual Studio Version 17
VisualStudioVersion = 17.3.32804.467
MinimumVisualStudioVersion = 10.0.40219.1
Project("{FAE04EC0-301F-11D3-BF4B-00C04F79EFBC}") = "Diziler", "Diziler\Diziler.csproj", "{04947F2D-DF79-4AB6-B95E-6FD34B2EDD10}"
EndProject
Global
	GlobalSection(SolutionConfigurationPlatforms) = preSolution
		Debug|Any CPU = Debug|Any CPU
		Release|Any CPU = Release|Any CPU
	EndGlobalSection
	GlobalSection(ProjectConfigurationPlatforms) = postSolution
		{04947F2D-DF79-4AB6-B95E-6FD34B2EDD10}.Debug|Any CPU.ActiveCfg = Debug|Any CPU
		{04947F2D-DF79-4AB6-B95E-6FD34B2EDD10}.Debug|Any CPU.Build.0 = Debug|Any CPU
		{04947F2D-DF79-4AB6-B95E-6FD34B2EDD10}.Release|Any CPU.ActiveCfg = Release|Any CPU
		{04947F2D-DF79-4AB6-B95E-6FD34B2EDD10}.Release|Any CPU.Build.0 = Release|Any CPU
	EndGlobalSection
	GlobalSection(SolutionProperties) = preSolution
		HideSolutionNode = FALSE
	EndGlobalSection
	GlobalSection(ExtensibilityGlobals) = postSolution
		SolutionGuid = {BCF6CB73-CCD6-46D3-B6A5-04B30D41AD23}
	EndGlobalSection
EndGlobal
